// !$*UTF8*$!
{
	archiveVersion = 1;
	classes = {
	};
	objectVersion = 50;
	objects = {

/* Begin PBXBuildFile section */
		EDFDDC332623067F006869FE /* AppDelegate.swift in Sources */ = {isa = PBXBuildFile; fileRef = EDFDDC322623067F006869FE /* AppDelegate.swift */; };
		EDFDDC352623067F006869FE /* SceneDelegate.swift in Sources */ = {isa = PBXBuildFile; fileRef = EDFDDC342623067F006869FE /* SceneDelegate.swift */; };
		EDFDDC372623067F006869FE /* ViewController.swift in Sources */ = {isa = PBXBuildFile; fileRef = EDFDDC362623067F006869FE /* ViewController.swift */; };
		EDFDDC3A2623067F006869FE /* Main.storyboard in Resources */ = {isa = PBXBuildFile; fileRef = EDFDDC382623067F006869FE /* Main.storyboard */; };
		EDFDDC3D2623067F006869FE /* Mark_s_music.xcdatamodeld in Sources */ = {isa = PBXBuildFile; fileRef = EDFDDC3B2623067F006869FE /* Mark_s_music.xcdatamodeld */; };
		EDFDDC3F26230682006869FE /* Assets.xcassets in Resources */ = {isa = PBXBuildFile; fileRef = EDFDDC3E26230682006869FE /* Assets.xcassets */; };
		EDFDDC4226230682006869FE /* LaunchScreen.storyboard in Resources */ = {isa = PBXBuildFile; fileRef = EDFDDC4026230682006869FE /* LaunchScreen.storyboard */; };
/* End PBXBuildFile section */

/* Begin PBXFileReference section */
		EDFDDC2F2623067F006869FE /* Mark's music.app */ = {isa = PBXFileReference; explicitFileType = wrapper.application; includeInIndex = 0; path = "Mark's music.app"; sourceTree = BUILT_PRODUCTS_DIR; };
		EDFDDC322623067F006869FE /* AppDelegate.swift */ = {isa = PBXFileReference; lastKnownFileType = sourcecode.swift; path = AppDelegate.swift; sourceTree = "<group>"; };
		EDFDDC342623067F006869FE /* SceneDelegate.swift */ = {isa = PBXFileReference; lastKnownFileType = sourcecode.swift; path = SceneDelegate.swift; sourceTree = "<group>"; };
		EDFDDC362623067F006869FE /* ViewController.swift */ = {isa = PBXFileReference; lastKnownFileType = sourcecode.swift; path = ViewController.swift; sourceTree = "<group>"; };
		EDFDDC392623067F006869FE /* Base */ = {isa = PBXFileReference; lastKnownFileType = file.storyboard; name = Base; path = Base.lproj/Main.storyboard; sourceTree = "<group>"; };
		EDFDDC3C2623067F006869FE /* Mark_s_music.xcdatamodel */ = {isa = PBXFileReference; lastKnownFileType = wrapper.xcdatamodel; path = Mark_s_music.xcdatamodel; sourceTree = "<group>"; };
		EDFDDC3E26230682006869FE /* Assets.xcassets */ = {isa = PBXFileReference; lastKnownFileType = folder.assetcatalog; path = Assets.xcassets; sourceTree = "<group>"; };
		EDFDDC4126230682006869FE /* Base */ = {isa = PBXFileReference; lastKnownFileType = file.storyboard; name = Base; path = Base.lproj/LaunchScreen.storyboard; sourceTree = "<group>"; };
		EDFDDC4326230682006869FE /* Info.plist */ = {isa = PBXFileReference; lastKnownFileType = text.plist.xml; path = Info.plist; sourceTree = "<group>"; };
/* End PBXFileReference section */

/* Begin PBXFrameworksBuildPhase section */
		EDFDDC2C2623067F006869FE /* Frameworks */ = {
			isa = PBXFrameworksBuildPhase;
			buildActionMask = 2147483647;
			files = (
			);
			runOnlyForDeploymentPostprocessing = 0;
		};
/* End PBXFrameworksBuildPhase section */

/* Begin PBXGroup section */
		EDFDDC262623067F006869FE = {
			isa = PBXGroup;
			children = (
				EDFDDC312623067F006869FE /* Mark's music */,
				EDFDDC302623067F006869FE /* Products */,
			);
			sourceTree = "<group>";
		};
		EDFDDC302623067F006869FE /* Products */ = {
			isa = PBXGroup;
			children = (
				EDFDDC2F2623067F006869FE /* Mark's music.app */,
			);
			name = Products;
			sourceTree = "<group>";
		};
		EDFDDC312623067F006869FE /* Mark's music */ = {
			isa = PBXGroup;
			children = (
				EDFDDC322623067F006869FE /* AppDelegate.swift */,
				EDFDDC342623067F006869FE /* SceneDelegate.swift */,
				EDFDDC362623067F006869FE /* ViewController.swift */,
				EDFDDC382623067F006869FE /* Main.storyboard */,
				EDFDDC3E26230682006869FE /* Assets.xcassets */,
				EDFDDC4026230682006869FE /* LaunchScreen.storyboard */,
				EDFDDC4326230682006869FE /* Info.plist */,
				EDFDDC3B2623067F006869FE /* Mark_s_music.xcdatamodeld */,
			);
			path = "Mark's music";
			sourceTree = "<group>";
		};
/* End PBXGroup section */

/* Begin PBXNativeTarget section */
		EDFDDC2E2623067F006869FE /* Mark's music */ = {
			isa = PBXNativeTarget;
			buildConfigurationList = EDFDDC4626230682006869FE /* Build configuration list for PBXNativeTarget "Mark's music" */;
			buildPhases = (
				EDFDDC2B2623067F006869FE /* Sources */,
				EDFDDC2C2623067F006869FE /* Frameworks */,
				EDFDDC2D2623067F006869FE /* Resources */,
			);
			buildRules = (
			);
			dependencies = (
			);
			name = "Mark's music";
			productName = "Mark's music";
			productReference = EDFDDC2F2623067F006869FE /* Mark's music.app */;
			productType = "com.apple.product-type.application";
		};
/* End PBXNativeTarget section */

/* Begin PBXProject section */
		EDFDDC272623067F006869FE /* Project object */ = {
			isa = PBXProject;
			attributes = {
				LastSwiftUpdateCheck = 1240;
				LastUpgradeCheck = 1240;
				TargetAttributes = {
					EDFDDC2E2623067F006869FE = {
						CreatedOnToolsVersion = 12.4;
					};
				};
			};
			buildConfigurationList = EDFDDC2A2623067F006869FE /* Build configuration list for PBXProject "Mark's music" */;
			compatibilityVersion = "Xcode 9.3";
			developmentRegion = en;
			hasScannedForEncodings = 0;
			knownRegions = (
				en,
				Base,
			);
			mainGroup = EDFDDC262623067F006869FE;
			productRefGroup = EDFDDC302623067F006869FE /* Products */;
			projectDirPath = "";
			projectRoot = "";
			targets = (
				EDFDDC2E2623067F006869FE /* Mark's music */,
			);
		};
/* End PBXProject section */

/* Begin PBXResourcesBuildPhase section */
		EDFDDC2D2623067F006869FE /* Resources */ = {
			isa = PBXResourcesBuildPhase;
			buildActionMask = 2147483647;
			files = (
				EDFDDC4226230682006869FE /* LaunchScreen.storyboard in Resources */,
				EDFDDC3F26230682006869FE /* Assets.xcassets in Resources */,
				EDFDDC3A2623067F006869FE /* Main.storyboard in Resources */,
			);
			runOnlyForDeploymentPostprocessing = 0;
		};
/* End PBXResourcesBuildPhase section */

/* Begin PBXSourcesBuildPhase section */
		EDFDDC2B2623067F006869FE /* Sources */ = {
			isa = PBXSourcesBuildPhase;
			buildActionMask = 2147483647;
			files = (
				EDFDDC372623067F006869FE /* ViewController.swift in Sources */,
				EDFDDC332623067F006869FE /* AppDelegate.swift in Sources */,
				EDFDDC3D2623067F006869FE /* Mark_s_music.xcdatamodeld in Sources */,
				EDFDDC352623067F006869FE /* SceneDelegate.swift in Sources */,
			);
			runOnlyForDeploymentPostprocessing = 0;
		};
/* End PBXSourcesBuildPhase section */

/* Begin PBXVariantGroup section */
		EDFDDC382623067F006869FE /* Main.storyboard */ = {
			isa = PBXVariantGroup;
			children = (
				EDFDDC392623067F006869FE /* Base */,
			);
			name = Main.storyboard;
			sourceTree = "<group>";
		};
		EDFDDC4026230682006869FE /* LaunchScreen.storyboard */ = {
			isa = PBXVariantGroup;
			children = (
				EDFDDC4126230682006869FE /* Base */,
			);
			name = LaunchScreen.storyboard;
			sourceTree = "<group>";
		};
/* End PBXVariantGroup section */

/* Begin XCBuildConfiguration section */
		EDFDDC4426230682006869FE /* Debug */ = {
			isa = XCBuildConfiguration;
			buildSettings = {
				ALWAYS_SEARCH_USER_PATHS = NO;
				CLANG_ANALYZER_NONNULL = YES;
				CLANG_ANALYZER_NUMBER_OBJECT_CONVERSION = YES_AGGRESSIVE;
				CLANG_CXX_LANGUAGE_STANDARD = "gnu++14";
				CLANG_CXX_LIBRARY = "libc++";
				CLANG_ENABLE_MODULES = YES;
				CLANG_ENABLE_OBJC_ARC = YES;
				CLANG_ENABLE_OBJC_WEAK = YES;
				CLANG_WARN_BLOCK_CAPTURE_AUTORELEASING = YES;
				CLANG_WARN_BOOL_CONVERSION = YES;
				CLANG_WARN_COMMA = YES;
				CLANG_WARN_CONSTANT_CONVERSION = YES;
				CLANG_WARN_DEPRECATED_OBJC_IMPLEMENTATIONS = YES;
				CLANG_WARN_DIRECT_OBJC_ISA_USAGE = YES_ERROR;
				CLANG_WARN_DOCUMENTATION_COMMENTS = YES;
				CLANG_WARN_EMPTY_BODY = YES;
				CLANG_WARN_ENUM_CONVERSION = YES;
				CLANG_WARN_INFINITE_RECURSION = YES;
				CLANG_WARN_INT_CONVERSION = YES;
				CLANG_WARN_NON_LITERAL_NULL_CONVERSION = YES;
				CLANG_WARN_OBJC_IMPLICIT_RETAIN_SELF = YES;
				CLANG_WARN_OBJC_LITERAL_CONVERSION = YES;
				CLANG_WARN_OBJC_ROOT_CLASS = YES_ERROR;
				CLANG_WARN_QUOTED_INCLUDE_IN_FRAMEWORK_HEADER = YES;
				CLANG_WARN_RANGE_LOOP_ANALYSIS = YES;
				CLANG_WARN_STRICT_PROTOTYPES = YES;
				CLANG_WARN_SUSPICIOUS_MOVE = YES;
				CLANG_WARN_UNGUARDED_AVAILABILITY = YES_AGGRESSIVE;
				CLANG_WARN_UNREACHABLE_CODE = YES;
				CLANG_WARN__DUPLICATE_METHOD_MATCH = YES;
				COPY_PHASE_STRIP = NO;
				DEBUG_INFORMATION_FORMAT = dwarf;
				ENABLE_STRICT_OBJC_MSGSEND = YES;
				ENABLE_TESTABILITY = YES;
				GCC_C_LANGUAGE_STANDARD = gnu11;
				GCC_DYNAMIC_NO_PIC = NO;
				GCC_NO_COMMON_BLOCKS = YES;
				GCC_OPTIMIZATION_LEVEL = 0;
				GCC_PREPROCESSOR_DEFINITIONS = (
					"DEBUG=1",
					"$(inherited)",
				);
				GCC_WARN_64_TO_32_BIT_CONVERSION = YES;
				GCC_WARN_ABOUT_RETURN_TYPE = YES_ERROR;
				GCC_WARN_UNDECLARED_SELECTOR = YES;
				GCC_WARN_UNINITIALIZED_AUTOS = YES_AGGRESSIVE;
				GCC_WARN_UNUSED_FUNCTION = YES;
				GCC_WARN_UNUSED_VARIABLE = YES;
				IPHONEOS_DEPLOYMENT_TARGET = 14.4;
				MTL_ENABLE_DEBUG_INFO = INCLUDE_SOURCE;
				MTL_FAST_MATH = YES;
				ONLY_ACTIVE_ARCH = YES;
				SDKROOT = iphoneos;
				SWIFT_ACTIVE_COMPILATION_CONDITIONS = DEBUG;
				SWIFT_OPTIMIZATION_LEVEL = "-Onone";
			};
			name = Debug;
		};
		EDFDDC4526230682006869FE /* Release */ = {
			isa = XCBuildConfiguration;
			buildSettings = {
				ALWAYS_SEARCH_USER_PATHS = NO;
				CLANG_ANALYZER_NONNULL = YES;
				CLANG_ANALYZER_NUMBER_OBJECT_CONVERSION = YES_AGGRESSIVE;
				CLANG_CXX_LANGUAGE_STANDARD = "gnu++14";
				CLANG_CXX_LIBRARY = "libc++";
				CLANG_ENABLE_MODULES = YES;
				CLANG_ENABLE_OBJC_ARC = YES;
				CLANG_ENABLE_OBJC_WEAK = YES;
				CLANG_WARN_BLOCK_CAPTURE_AUTORELEASING = YES;
				CLANG_WARN_BOOL_CONVERSION = YES;
				CLANG_WARN_COMMA = YES;
				CLANG_WARN_CONSTANT_CONVERSION = YES;
				CLANG_WARN_DEPRECATED_OBJC_IMPLEMENTATIONS = YES;
				CLANG_WARN_DIRECT_OBJC_ISA_USAGE = YES_ERROR;
				CLANG_WARN_DOCUMENTATION_COMMENTS = YES;
				CLANG_WARN_EMPTY_BODY = YES;
				CLANG_WARN_ENUM_CONVERSION = YES;
				CLANG_WARN_INFINITE_RECURSION = YES;
				CLANG_WARN_INT_CONVERSION = YES;
				CLANG_WARN_NON_LITERAL_NULL_CONVERSION = YES;
				CLANG_WARN_OBJC_IMPLICIT_RETAIN_SELF = YES;
				CLANG_WARN_OBJC_LITERAL_CONVERSION = YES;
				CLANG_WARN_OBJC_ROOT_CLASS = YES_ERROR;
				CLANG_WARN_QUOTED_INCLUDE_IN_FRAMEWORK_HEADER = YES;
				CLANG_WARN_RANGE_LOOP_ANALYSIS = YES;
				CLANG_WARN_STRICT_PROTOTYPES = YES;
				CLANG_WARN_SUSPICIOUS_MOVE = YES;
				CLANG_WARN_UNGUARDED_AVAILABILITY = YES_AGGRESSIVE;
				CLANG_WARN_UNREACHABLE_CODE = YES;
				CLANG_WARN__DUPLICATE_METHOD_MATCH = YES;
				COPY_PHASE_STRIP = NO;
				DEBUG_INFORMATION_FORMAT = "dwarf-with-dsym";
				ENABLE_NS_ASSERTIONS = NO;
				ENABLE_STRICT_OBJC_MSGSEND = YES;
				GCC_C_LANGUAGE_STANDARD = gnu11;
				GCC_NO_COMMON_BLOCKS = YES;
				GCC_WARN_64_TO_32_BIT_CONVERSION = YES;
				GCC_WARN_ABOUT_RETURN_TYPE = YES_ERROR;
				GCC_WARN_UNDECLARED_SELECTOR = YES;
				GCC_WARN_UNINITIALIZED_AUTOS = YES_AGGRESSIVE;
				GCC_WARN_UNUSED_FUNCTION = YES;
				GCC_WARN_UNUSED_VARIABLE = YES;
				IPHONEOS_DEPLOYMENT_TARGET = 14.4;
				MTL_ENABLE_DEBUG_INFO = NO;
				MTL_FAST_MATH = YES;
				SDKROOT = iphoneos;
				SWIFT_COMPILATION_MODE = wholemodule;
				SWIFT_OPTIMIZATION_LEVEL = "-O";
				VALIDATE_PRODUCT = YES;
			};
			name = Release;
		};
		EDFDDC4726230682006869FE /* Debug */ = {
			isa = XCBuildConfiguration;
			buildSettings = {
				ASSETCATALOG_COMPILER_APPICON_NAME = AppIcon;
				ASSETCATALOG_COMPILER_GLOBAL_ACCENT_COLOR_NAME = AccentColor;
				CODE_SIGN_STYLE = Automatic;
				DEVELOPMENT_TEAM = 395GS436QF;
				INFOPLIST_FILE = "Mark's music/Info.plist";
				LD_RUNPATH_SEARCH_PATHS = (
					"$(inherited)",
					"@executable_path/Frameworks",
				);
				PRODUCT_BUNDLE_IDENTIFIER = "ru.kirill98.Mark-s-music";
				PRODUCT_NAME = "$(TARGET_NAME)";
				SWIFT_VERSION = 5.0;
				TARGETED_DEVICE_FAMILY = "1,2";
			};
			name = Debug;
		};
		EDFDDC4826230682006869FE /* Release */ = {
			isa = XCBuildConfiguration;
			buildSettings = {
				ASSETCATALOG_COMPILER_APPICON_NAME = AppIcon;
				ASSETCATALOG_COMPILER_GLOBAL_ACCENT_COLOR_NAME = AccentColor;
				CODE_SIGN_STYLE = Automatic;
				DEVELOPMENT_TEAM = 395GS436QF;
				INFOPLIST_FILE = "Mark's music/Info.plist";
				LD_RUNPATH_SEARCH_PATHS = (
					"$(inherited)",
					"@executable_path/Frameworks",
				);
				PRODUCT_BUNDLE_IDENTIFIER = "ru.kirill98.Mark-s-music";
				PRODUCT_NAME = "$(TARGET_NAME)";
				SWIFT_VERSION = 5.0;
				TARGETED_DEVICE_FAMILY = "1,2";
			};
			name = Release;
		};
/* End XCBuildConfiguration section */

/* Begin XCConfigurationList section */
		EDFDDC2A2623067F006869FE /* Build configuration list for PBXProject "Mark's music" */ = {
			isa = XCConfigurationList;
			buildConfigurations = (
				EDFDDC4426230682006869FE /* Debug */,
				EDFDDC4526230682006869FE /* Release */,
			);
			defaultConfigurationIsVisible = 0;
			defaultConfigurationName = Release;
		};
		EDFDDC4626230682006869FE /* Build configuration list for PBXNativeTarget "Mark's music" */ = {
			isa = XCConfigurationList;
			buildConfigurations = (
				EDFDDC4726230682006869FE /* Debug */,
				EDFDDC4826230682006869FE /* Release */,
			);
			defaultConfigurationIsVisible = 0;
			defaultConfigurationName = Release;
		};
/* End XCConfigurationList section */

/* Begin XCVersionGroup section */
		EDFDDC3B2623067F006869FE /* Mark_s_music.xcdatamodeld */ = {
			isa = XCVersionGroup;
			children = (
				EDFDDC3C2623067F006869FE /* Mark_s_music.xcdatamodel */,
			);
			currentVersion = EDFDDC3C2623067F006869FE /* Mark_s_music.xcdatamodel */;
			path = Mark_s_music.xcdatamodeld;
			sourceTree = "<group>";
			versionGroupType = wrapper.xcdatamodel;
		};
/* End XCVersionGroup section */
	};
	rootObject = EDFDDC272623067F006869FE /* Project object */;
}
